// !$*UTF8*$!
{
	archiveVersion = 1;
	classes = {
	};
	objectVersion = 56;
	objects = {

/* Begin PBXBuildFile section */
		043F686E29306DD8002DB1AD /* CatCafeMangerApp.swift in Sources */ = {isa = PBXBuildFile; fileRef = 043F686D29306DD8002DB1AD /* CatCafeMangerApp.swift */; };
		043F687029306DD8002DB1AD /* ContentView.swift in Sources */ = {isa = PBXBuildFile; fileRef = 043F686F29306DD8002DB1AD /* ContentView.swift */; };
		043F687229306DD9002DB1AD /* Assets.xcassets in Resources */ = {isa = PBXBuildFile; fileRef = 043F687129306DD9002DB1AD /* Assets.xcassets */; };
		043F687529306DD9002DB1AD /* Preview Assets.xcassets in Resources */ = {isa = PBXBuildFile; fileRef = 043F687429306DD9002DB1AD /* Preview Assets.xcassets */; };
		043F687F29306DD9002DB1AD /* CatCafeMangerTests.swift in Sources */ = {isa = PBXBuildFile; fileRef = 043F687E29306DD9002DB1AD /* CatCafeMangerTests.swift */; };
		043F688929306DDA002DB1AD /* CatCafeMangerUITests.swift in Sources */ = {isa = PBXBuildFile; fileRef = 043F688829306DDA002DB1AD /* CatCafeMangerUITests.swift */; };
		043F688B29306DDA002DB1AD /* CatCafeMangerUITestsLaunchTests.swift in Sources */ = {isa = PBXBuildFile; fileRef = 043F688A29306DDA002DB1AD /* CatCafeMangerUITestsLaunchTests.swift */; };
		043F68A7293072F9002DB1AD /* GRDB in Frameworks */ = {isa = PBXBuildFile; productRef = 043F68A6293072F9002DB1AD /* GRDB */; };
		043F68AA293075E0002DB1AD /* Swinject in Frameworks */ = {isa = PBXBuildFile; productRef = 043F68A9293075E0002DB1AD /* Swinject */; };
		043F68AC29308D95002DB1AD /* LocationManager.swift in Sources */ = {isa = PBXBuildFile; fileRef = 043F68AB29308D95002DB1AD /* LocationManager.swift */; };
		043F68B02930B10D002DB1AD /* Di.swift in Sources */ = {isa = PBXBuildFile; fileRef = 043F68AF2930B10D002DB1AD /* Di.swift */; };
/* End PBXBuildFile section */

/* Begin PBXContainerItemProxy section */
		043F687B29306DD9002DB1AD /* PBXContainerItemProxy */ = {
			isa = PBXContainerItemProxy;
			containerPortal = 043F686229306DD8002DB1AD /* Project object */;
			proxyType = 1;
			remoteGlobalIDString = 043F686929306DD8002DB1AD;
			remoteInfo = CatCafeManger;
		};
		043F688529306DD9002DB1AD /* PBXContainerItemProxy */ = {
			isa = PBXContainerItemProxy;
			containerPortal = 043F686229306DD8002DB1AD /* Project object */;
			proxyType = 1;
			remoteGlobalIDString = 043F686929306DD8002DB1AD;
			remoteInfo = CatCafeManger;
		};
/* End PBXContainerItemProxy section */

/* Begin PBXFileReference section */
		043F686A29306DD8002DB1AD /* CatCafeManger.app */ = {isa = PBXFileReference; explicitFileType = wrapper.application; includeInIndex = 0; path = CatCafeManger.app; sourceTree = BUILT_PRODUCTS_DIR; };
		043F686D29306DD8002DB1AD /* CatCafeMangerApp.swift */ = {isa = PBXFileReference; lastKnownFileType = sourcecode.swift; path = CatCafeMangerApp.swift; sourceTree = "<group>"; };
		043F686F29306DD8002DB1AD /* ContentView.swift */ = {isa = PBXFileReference; lastKnownFileType = sourcecode.swift; path = ContentView.swift; sourceTree = "<group>"; };
		043F687129306DD9002DB1AD /* Assets.xcassets */ = {isa = PBXFileReference; lastKnownFileType = folder.assetcatalog; path = Assets.xcassets; sourceTree = "<group>"; };
		043F687429306DD9002DB1AD /* Preview Assets.xcassets */ = {isa = PBXFileReference; lastKnownFileType = folder.assetcatalog; path = "Preview Assets.xcassets"; sourceTree = "<group>"; };
		043F687A29306DD9002DB1AD /* CatCafeMangerTests.xctest */ = {isa = PBXFileReference; explicitFileType = wrapper.cfbundle; includeInIndex = 0; path = CatCafeMangerTests.xctest; sourceTree = BUILT_PRODUCTS_DIR; };
		043F687E29306DD9002DB1AD /* CatCafeMangerTests.swift */ = {isa = PBXFileReference; lastKnownFileType = sourcecode.swift; path = CatCafeMangerTests.swift; sourceTree = "<group>"; };
		043F688429306DD9002DB1AD /* CatCafeMangerUITests.xctest */ = {isa = PBXFileReference; explicitFileType = wrapper.cfbundle; includeInIndex = 0; path = CatCafeMangerUITests.xctest; sourceTree = BUILT_PRODUCTS_DIR; };
		043F688829306DDA002DB1AD /* CatCafeMangerUITests.swift */ = {isa = PBXFileReference; lastKnownFileType = sourcecode.swift; path = CatCafeMangerUITests.swift; sourceTree = "<group>"; };
		043F688A29306DDA002DB1AD /* CatCafeMangerUITestsLaunchTests.swift */ = {isa = PBXFileReference; lastKnownFileType = sourcecode.swift; path = CatCafeMangerUITestsLaunchTests.swift; sourceTree = "<group>"; };
		043F68AB29308D95002DB1AD /* LocationManager.swift */ = {isa = PBXFileReference; lastKnownFileType = sourcecode.swift; path = LocationManager.swift; sourceTree = "<group>"; };
		043F68AF2930B10D002DB1AD /* Di.swift */ = {isa = PBXFileReference; lastKnownFileType = sourcecode.swift; path = Di.swift; sourceTree = "<group>"; };
/* End PBXFileReference section */

/* Begin PBXFrameworksBuildPhase section */
		043F686729306DD8002DB1AD /* Frameworks */ = {
			isa = PBXFrameworksBuildPhase;
			buildActionMask = 2147483647;
			files = (
				043F68A7293072F9002DB1AD /* GRDB in Frameworks */,
				043F68AA293075E0002DB1AD /* Swinject in Frameworks */,
			);
			runOnlyForDeploymentPostprocessing = 0;
		};
		043F687729306DD9002DB1AD /* Frameworks */ = {
			isa = PBXFrameworksBuildPhase;
			buildActionMask = 2147483647;
			files = (
			);
			runOnlyForDeploymentPostprocessing = 0;
		};
		043F688129306DD9002DB1AD /* Frameworks */ = {
			isa = PBXFrameworksBuildPhase;
			buildActionMask = 2147483647;
			files = (
			);
			runOnlyForDeploymentPostprocessing = 0;
		};
/* End PBXFrameworksBuildPhase section */

/* Begin PBXGroup section */
		043F686129306DD8002DB1AD = {
			isa = PBXGroup;
			children = (
				043F686C29306DD8002DB1AD /* CatCafeManger */,
				043F687D29306DD9002DB1AD /* CatCafeMangerTests */,
				043F688729306DDA002DB1AD /* CatCafeMangerUITests */,
				043F686B29306DD8002DB1AD /* Products */,
			);
			sourceTree = "<group>";
		};
		043F686B29306DD8002DB1AD /* Products */ = {
			isa = PBXGroup;
			children = (
				043F686A29306DD8002DB1AD /* CatCafeManger.app */,
				043F687A29306DD9002DB1AD /* CatCafeMangerTests.xctest */,
				043F688429306DD9002DB1AD /* CatCafeMangerUITests.xctest */,
			);
			name = Products;
			sourceTree = "<group>";
		};
		043F686C29306DD8002DB1AD /* CatCafeManger */ = {
			isa = PBXGroup;
			children = (
				043F68A129307203002DB1AD /* Commons */,
				043F68A0293071E1002DB1AD /* Repositories */,
				043F689F2930714E002DB1AD /* Models */,
				043F689E29307138002DB1AD /* ViewModels */,
				043F689D2930704F002DB1AD /* Views */,
				043F686D29306DD8002DB1AD /* CatCafeMangerApp.swift */,
				043F686F29306DD8002DB1AD /* ContentView.swift */,
				043F687129306DD9002DB1AD /* Assets.xcassets */,
				043F687329306DD9002DB1AD /* Preview Content */,
			);
			path = CatCafeManger;
			sourceTree = "<group>";
		};
		043F687329306DD9002DB1AD /* Preview Content */ = {
			isa = PBXGroup;
			children = (
				043F687429306DD9002DB1AD /* Preview Assets.xcassets */,
			);
			path = "Preview Content";
			sourceTree = "<group>";
		};
		043F687D29306DD9002DB1AD /* CatCafeMangerTests */ = {
			isa = PBXGroup;
			children = (
				043F687E29306DD9002DB1AD /* CatCafeMangerTests.swift */,
			);
			path = CatCafeMangerTests;
			sourceTree = "<group>";
		};
		043F688729306DDA002DB1AD /* CatCafeMangerUITests */ = {
			isa = PBXGroup;
			children = (
				043F688829306DDA002DB1AD /* CatCafeMangerUITests.swift */,
				043F688A29306DDA002DB1AD /* CatCafeMangerUITestsLaunchTests.swift */,
			);
			path = CatCafeMangerUITests;
			sourceTree = "<group>";
		};
		043F689D2930704F002DB1AD /* Views */ = {
			isa = PBXGroup;
			children = (
			);
			path = Views;
			sourceTree = "<group>";
		};
		043F689E29307138002DB1AD /* ViewModels */ = {
			isa = PBXGroup;
			children = (
			);
			path = ViewModels;
			sourceTree = "<group>";
		};
		043F689F2930714E002DB1AD /* Models */ = {
			isa = PBXGroup;
			children = (
			);
			path = Models;
			sourceTree = "<group>";
		};
		043F68A0293071E1002DB1AD /* Repositories */ = {
			isa = PBXGroup;
			children = (
			);
			path = Repositories;
			sourceTree = "<group>";
		};
		043F68A129307203002DB1AD /* Commons */ = {
			isa = PBXGroup;
			children = (
				043F68AB29308D95002DB1AD /* LocationManager.swift */,
				043F68AF2930B10D002DB1AD /* Di.swift */,
			);
			path = Commons;
			sourceTree = "<group>";
		};
/* End PBXGroup section */

/* Begin PBXNativeTarget section */
		043F686929306DD8002DB1AD /* CatCafeManger */ = {
			isa = PBXNativeTarget;
			buildConfigurationList = 043F688E29306DDA002DB1AD /* Build configuration list for PBXNativeTarget "CatCafeManger" */;
			buildPhases = (
				043F686629306DD8002DB1AD /* Sources */,
				043F686729306DD8002DB1AD /* Frameworks */,
				043F686829306DD8002DB1AD /* Resources */,
			);
			buildRules = (
			);
			dependencies = (
			);
			name = CatCafeManger;
			packageProductDependencies = (
				043F68A6293072F9002DB1AD /* GRDB */,
				043F68A9293075E0002DB1AD /* Swinject */,
			);
			productName = CatCafeManger;
			productReference = 043F686A29306DD8002DB1AD /* CatCafeManger.app */;
			productType = "com.apple.product-type.application";
		};
		043F687929306DD9002DB1AD /* CatCafeMangerTests */ = {
			isa = PBXNativeTarget;
			buildConfigurationList = 043F689129306DDA002DB1AD /* Build configuration list for PBXNativeTarget "CatCafeMangerTests" */;
			buildPhases = (
				043F687629306DD9002DB1AD /* Sources */,
				043F687729306DD9002DB1AD /* Frameworks */,
				043F687829306DD9002DB1AD /* Resources */,
			);
			buildRules = (
			);
			dependencies = (
				043F687C29306DD9002DB1AD /* PBXTargetDependency */,
			);
			name = CatCafeMangerTests;
			productName = CatCafeMangerTests;
			productReference = 043F687A29306DD9002DB1AD /* CatCafeMangerTests.xctest */;
			productType = "com.apple.product-type.bundle.unit-test";
		};
		043F688329306DD9002DB1AD /* CatCafeMangerUITests */ = {
			isa = PBXNativeTarget;
			buildConfigurationList = 043F689429306DDA002DB1AD /* Build configuration list for PBXNativeTarget "CatCafeMangerUITests" */;
			buildPhases = (
				043F688029306DD9002DB1AD /* Sources */,
				043F688129306DD9002DB1AD /* Frameworks */,
				043F688229306DD9002DB1AD /* Resources */,
			);
			buildRules = (
			);
			dependencies = (
				043F688629306DD9002DB1AD /* PBXTargetDependency */,
			);
			name = CatCafeMangerUITests;
			productName = CatCafeMangerUITests;
			productReference = 043F688429306DD9002DB1AD /* CatCafeMangerUITests.xctest */;
			productType = "com.apple.product-type.bundle.ui-testing";
		};
/* End PBXNativeTarget section */

/* Begin PBXProject section */
		043F686229306DD8002DB1AD /* Project object */ = {
			isa = PBXProject;
			attributes = {
				BuildIndependentTargetsInParallel = 1;
				LastSwiftUpdateCheck = 1410;
				LastUpgradeCheck = 1410;
				TargetAttributes = {
					043F686929306DD8002DB1AD = {
						CreatedOnToolsVersion = 14.1;
					};
					043F687929306DD9002DB1AD = {
						CreatedOnToolsVersion = 14.1;
						TestTargetID = 043F686929306DD8002DB1AD;
					};
					043F688329306DD9002DB1AD = {
						CreatedOnToolsVersion = 14.1;
						TestTargetID = 043F686929306DD8002DB1AD;
					};
				};
			};
			buildConfigurationList = 043F686529306DD8002DB1AD /* Build configuration list for PBXProject "CatCafeManger" */;
			compatibilityVersion = "Xcode 14.0";
			developmentRegion = en;
			hasScannedForEncodings = 0;
			knownRegions = (
				en,
				Base,
			);
			mainGroup = 043F686129306DD8002DB1AD;
			packageReferences = (
				043F68A5293072F9002DB1AD /* XCRemoteSwiftPackageReference "GRDB.swift" */,
				043F68A8293075E0002DB1AD /* XCRemoteSwiftPackageReference "Swinject" */,
			);
			productRefGroup = 043F686B29306DD8002DB1AD /* Products */;
			projectDirPath = "";
			projectRoot = "";
			targets = (
				043F686929306DD8002DB1AD /* CatCafeManger */,
				043F687929306DD9002DB1AD /* CatCafeMangerTests */,
				043F688329306DD9002DB1AD /* CatCafeMangerUITests */,
			);
		};
/* End PBXProject section */

/* Begin PBXResourcesBuildPhase section */
		043F686829306DD8002DB1AD /* Resources */ = {
			isa = PBXResourcesBuildPhase;
			buildActionMask = 2147483647;
			files = (
				043F687529306DD9002DB1AD /* Preview Assets.xcassets in Resources */,
				043F687229306DD9002DB1AD /* Assets.xcassets in Resources */,
			);
			runOnlyForDeploymentPostprocessing = 0;
		};
		043F687829306DD9002DB1AD /* Resources */ = {
			isa = PBXResourcesBuildPhase;
			buildActionMask = 2147483647;
			files = (
			);
			runOnlyForDeploymentPostprocessing = 0;
		};
		043F688229306DD9002DB1AD /* Resources */ = {
			isa = PBXResourcesBuildPhase;
			buildActionMask = 2147483647;
			files = (
			);
			runOnlyForDeploymentPostprocessing = 0;
		};
/* End PBXResourcesBuildPhase section */

/* Begin PBXSourcesBuildPhase section */
		043F686629306DD8002DB1AD /* Sources */ = {
			isa = PBXSourcesBuildPhase;
			buildActionMask = 2147483647;
			files = (
				043F68B02930B10D002DB1AD /* Di.swift in Sources */,
				043F687029306DD8002DB1AD /* ContentView.swift in Sources */,
				043F686E29306DD8002DB1AD /* CatCafeMangerApp.swift in Sources */,
				043F68AC29308D95002DB1AD /* LocationManager.swift in Sources */,
			);
			runOnlyForDeploymentPostprocessing = 0;
		};
		043F687629306DD9002DB1AD /* Sources */ = {
			isa = PBXSourcesBuildPhase;
			buildActionMask = 2147483647;
			files = (
				043F687F29306DD9002DB1AD /* CatCafeMangerTests.swift in Sources */,
			);
			runOnlyForDeploymentPostprocessing = 0;
		};
		043F688029306DD9002DB1AD /* Sources */ = {
			isa = PBXSourcesBuildPhase;
			buildActionMask = 2147483647;
			files = (
				043F688B29306DDA002DB1AD /* CatCafeMangerUITestsLaunchTests.swift in Sources */,
				043F688929306DDA002DB1AD /* CatCafeMangerUITests.swift in Sources */,
			);
			runOnlyForDeploymentPostprocessing = 0;
		};
/* End PBXSourcesBuildPhase section */

/* Begin PBXTargetDependency section */
		043F687C29306DD9002DB1AD /* PBXTargetDependency */ = {
			isa = PBXTargetDependency;
			target = 043F686929306DD8002DB1AD /* CatCafeManger */;
			targetProxy = 043F687B29306DD9002DB1AD /* PBXContainerItemProxy */;
		};
		043F688629306DD9002DB1AD /* PBXTargetDependency */ = {
			isa = PBXTargetDependency;
			target = 043F686929306DD8002DB1AD /* CatCafeManger */;
			targetProxy = 043F688529306DD9002DB1AD /* PBXContainerItemProxy */;
		};
/* End PBXTargetDependency section */

/* Begin XCBuildConfiguration section */
		043F688C29306DDA002DB1AD /* Debug */ = {
			isa = XCBuildConfiguration;
			buildSettings = {
				ALWAYS_SEARCH_USER_PATHS = NO;
				CLANG_ANALYZER_NONNULL = YES;
				CLANG_ANALYZER_NUMBER_OBJECT_CONVERSION = YES_AGGRESSIVE;
				CLANG_CXX_LANGUAGE_STANDARD = "gnu++20";
				CLANG_ENABLE_MODULES = YES;
				CLANG_ENABLE_OBJC_ARC = YES;
				CLANG_ENABLE_OBJC_WEAK = YES;
				CLANG_WARN_BLOCK_CAPTURE_AUTORELEASING = YES;
				CLANG_WARN_BOOL_CONVERSION = YES;
				CLANG_WARN_COMMA = YES;
				CLANG_WARN_CONSTANT_CONVERSION = YES;
				CLANG_WARN_DEPRECATED_OBJC_IMPLEMENTATIONS = YES;
				CLANG_WARN_DIRECT_OBJC_ISA_USAGE = YES_ERROR;
				CLANG_WARN_DOCUMENTATION_COMMENTS = YES;
				CLANG_WARN_EMPTY_BODY = YES;
				CLANG_WARN_ENUM_CONVERSION = YES;
				CLANG_WARN_INFINITE_RECURSION = YES;
				CLANG_WARN_INT_CONVERSION = YES;
				CLANG_WARN_NON_LITERAL_NULL_CONVERSION = YES;
				CLANG_WARN_OBJC_IMPLICIT_RETAIN_SELF = YES;
				CLANG_WARN_OBJC_LITERAL_CONVERSION = YES;
				CLANG_WARN_OBJC_ROOT_CLASS = YES_ERROR;
				CLANG_WARN_QUOTED_INCLUDE_IN_FRAMEWORK_HEADER = YES;
				CLANG_WARN_RANGE_LOOP_ANALYSIS = YES;
				CLANG_WARN_STRICT_PROTOTYPES = YES;
				CLANG_WARN_SUSPICIOUS_MOVE = YES;
				CLANG_WARN_UNGUARDED_AVAILABILITY = YES_AGGRESSIVE;
				CLANG_WARN_UNREACHABLE_CODE = YES;
				CLANG_WARN__DUPLICATE_METHOD_MATCH = YES;
				COPY_PHASE_STRIP = NO;
				DEBUG_INFORMATION_FORMAT = dwarf;
				ENABLE_STRICT_OBJC_MSGSEND = YES;
				ENABLE_TESTABILITY = YES;
				GCC_C_LANGUAGE_STANDARD = gnu11;
				GCC_DYNAMIC_NO_PIC = NO;
				GCC_NO_COMMON_BLOCKS = YES;
				GCC_OPTIMIZATION_LEVEL = 0;
				GCC_PREPROCESSOR_DEFINITIONS = (
					"DEBUG=1",
					"$(inherited)",
				);
				GCC_WARN_64_TO_32_BIT_CONVERSION = YES;
				GCC_WARN_ABOUT_RETURN_TYPE = YES_ERROR;
				GCC_WARN_UNDECLARED_SELECTOR = YES;
				GCC_WARN_UNINITIALIZED_AUTOS = YES_AGGRESSIVE;
				GCC_WARN_UNUSED_FUNCTION = YES;
				GCC_WARN_UNUSED_VARIABLE = YES;
				IPHONEOS_DEPLOYMENT_TARGET = 16.1;
				MTL_ENABLE_DEBUG_INFO = INCLUDE_SOURCE;
				MTL_FAST_MATH = YES;
				ONLY_ACTIVE_ARCH = YES;
				SDKROOT = iphoneos;
				SWIFT_ACTIVE_COMPILATION_CONDITIONS = DEBUG;
				SWIFT_OPTIMIZATION_LEVEL = "-Onone";
			};
			name = Debug;
		};
		043F688D29306DDA002DB1AD /* Release */ = {
			isa = XCBuildConfiguration;
			buildSettings = {
				ALWAYS_SEARCH_USER_PATHS = NO;
				CLANG_ANALYZER_NONNULL = YES;
				CLANG_ANALYZER_NUMBER_OBJECT_CONVERSION = YES_AGGRESSIVE;
				CLANG_CXX_LANGUAGE_STANDARD = "gnu++20";
				CLANG_ENABLE_MODULES = YES;
				CLANG_ENABLE_OBJC_ARC = YES;
				CLANG_ENABLE_OBJC_WEAK = YES;
				CLANG_WARN_BLOCK_CAPTURE_AUTORELEASING = YES;
				CLANG_WARN_BOOL_CONVERSION = YES;
				CLANG_WARN_COMMA = YES;
				CLANG_WARN_CONSTANT_CONVERSION = YES;
				CLANG_WARN_DEPRECATED_OBJC_IMPLEMENTATIONS = YES;
				CLANG_WARN_DIRECT_OBJC_ISA_USAGE = YES_ERROR;
				CLANG_WARN_DOCUMENTATION_COMMENTS = YES;
				CLANG_WARN_EMPTY_BODY = YES;
				CLANG_WARN_ENUM_CONVERSION = YES;
				CLANG_WARN_INFINITE_RECURSION = YES;
				CLANG_WARN_INT_CONVERSION = YES;
				CLANG_WARN_NON_LITERAL_NULL_CONVERSION = YES;
				CLANG_WARN_OBJC_IMPLICIT_RETAIN_SELF = YES;
				CLANG_WARN_OBJC_LITERAL_CONVERSION = YES;
				CLANG_WARN_OBJC_ROOT_CLASS = YES_ERROR;
				CLANG_WARN_QUOTED_INCLUDE_IN_FRAMEWORK_HEADER = YES;
				CLANG_WARN_RANGE_LOOP_ANALYSIS = YES;
				CLANG_WARN_STRICT_PROTOTYPES = YES;
				CLANG_WARN_SUSPICIOUS_MOVE = YES;
				CLANG_WARN_UNGUARDED_AVAILABILITY = YES_AGGRESSIVE;
				CLANG_WARN_UNREACHABLE_CODE = YES;
				CLANG_WARN__DUPLICATE_METHOD_MATCH = YES;
				COPY_PHASE_STRIP = NO;
				DEBUG_INFORMATION_FORMAT = "dwarf-with-dsym";
				ENABLE_NS_ASSERTIONS = NO;
				ENABLE_STRICT_OBJC_MSGSEND = YES;
				GCC_C_LANGUAGE_STANDARD = gnu11;
				GCC_NO_COMMON_BLOCKS = YES;
				GCC_WARN_64_TO_32_BIT_CONVERSION = YES;
				GCC_WARN_ABOUT_RETURN_TYPE = YES_ERROR;
				GCC_WARN_UNDECLARED_SELECTOR = YES;
				GCC_WARN_UNINITIALIZED_AUTOS = YES_AGGRESSIVE;
				GCC_WARN_UNUSED_FUNCTION = YES;
				GCC_WARN_UNUSED_VARIABLE = YES;
				IPHONEOS_DEPLOYMENT_TARGET = 16.1;
				MTL_ENABLE_DEBUG_INFO = NO;
				MTL_FAST_MATH = YES;
				SDKROOT = iphoneos;
				SWIFT_COMPILATION_MODE = wholemodule;
				SWIFT_OPTIMIZATION_LEVEL = "-O";
				VALIDATE_PRODUCT = YES;
			};
			name = Release;
		};
		043F688F29306DDA002DB1AD /* Debug */ = {
			isa = XCBuildConfiguration;
			buildSettings = {
				ASSETCATALOG_COMPILER_APPICON_NAME = AppIcon;
				ASSETCATALOG_COMPILER_GLOBAL_ACCENT_COLOR_NAME = AccentColor;
				CODE_SIGN_STYLE = Automatic;
				CURRENT_PROJECT_VERSION = 1;
				DEVELOPMENT_ASSET_PATHS = "\"CatCafeManger/Preview Content\"";
				DEVELOPMENT_TEAM = DDDH6V3H8A;
				ENABLE_PREVIEWS = YES;
				GENERATE_INFOPLIST_FILE = YES;
				INFOPLIST_KEY_UIApplicationSceneManifest_Generation = YES;
				INFOPLIST_KEY_UIApplicationSupportsIndirectInputEvents = YES;
				INFOPLIST_KEY_UILaunchScreen_Generation = YES;
				INFOPLIST_KEY_UIRequiresFullScreen = YES;
				INFOPLIST_KEY_UISupportedInterfaceOrientations = UIInterfaceOrientationPortrait;
				IPHONEOS_DEPLOYMENT_TARGET = 15.2;
				LD_RUNPATH_SEARCH_PATHS = (
					"$(inherited)",
					"@executable_path/Frameworks",
				);
				MARKETING_VERSION = 1.0;
				PRODUCT_BUNDLE_IDENTIFIER = com.vitaliussch.CatCafeManger;
				PRODUCT_NAME = "$(TARGET_NAME)";
				SWIFT_EMIT_LOC_STRINGS = YES;
				SWIFT_VERSION = 5.0;
				TARGETED_DEVICE_FAMILY = "1,2";
			};
			name = Debug;
		};
		043F689029306DDA002DB1AD /* Release */ = {
			isa = XCBuildConfiguration;
			buildSettings = {
				ASSETCATALOG_COMPILER_APPICON_NAME = AppIcon;
				ASSETCATALOG_COMPILER_GLOBAL_ACCENT_COLOR_NAME = AccentColor;
				CODE_SIGN_STYLE = Automatic;
				CURRENT_PROJECT_VERSION = 1;
				DEVELOPMENT_ASSET_PATHS = "\"CatCafeManger/Preview Content\"";
				DEVELOPMENT_TEAM = DDDH6V3H8A;
				ENABLE_PREVIEWS = YES;
				GENERATE_INFOPLIST_FILE = YES;
				INFOPLIST_KEY_UIApplicationSceneManifest_Generation = YES;
				INFOPLIST_KEY_UIApplicationSupportsIndirectInputEvents = YES;
				INFOPLIST_KEY_UILaunchScreen_Generation = YES;
				INFOPLIST_KEY_UIRequiresFullScreen = YES;
				INFOPLIST_KEY_UISupportedInterfaceOrientations = UIInterfaceOrientationPortrait;
				IPHONEOS_DEPLOYMENT_TARGET = 15.2;
				LD_RUNPATH_SEARCH_PATHS = (
					"$(inherited)",
					"@executable_path/Frameworks",
				);
				MARKETING_VERSION = 1.0;
				PRODUCT_BUNDLE_IDENTIFIER = com.vitaliussch.CatCafeManger;
				PRODUCT_NAME = "$(TARGET_NAME)";
				SWIFT_EMIT_LOC_STRINGS = YES;
				SWIFT_VERSION = 5.0;
				TARGETED_DEVICE_FAMILY = "1,2";
			};
			name = Release;
		};
		043F689229306DDA002DB1AD /* Debug */ = {
			isa = XCBuildConfiguration;
			buildSettings = {
				ALWAYS_EMBED_SWIFT_STANDARD_LIBRARIES = YES;
				BUNDLE_LOADER = "$(TEST_HOST)";
				CODE_SIGN_STYLE = Automatic;
				CURRENT_PROJECT_VERSION = 1;
				GENERATE_INFOPLIST_FILE = YES;
				IPHONEOS_DEPLOYMENT_TARGET = 16.1;
				MARKETING_VERSION = 1.0;
				PRODUCT_BUNDLE_IDENTIFIER = com.vitaliussch.CatCafeMangerTests;
				PRODUCT_NAME = "$(TARGET_NAME)";
				SWIFT_EMIT_LOC_STRINGS = NO;
				SWIFT_VERSION = 5.0;
				TARGETED_DEVICE_FAMILY = "1,2";
				TEST_HOST = "$(BUILT_PRODUCTS_DIR)/CatCafeManger.app/$(BUNDLE_EXECUTABLE_FOLDER_PATH)/CatCafeManger";
			};
			name = Debug;
		};
		043F689329306DDA002DB1AD /* Release */ = {
			isa = XCBuildConfiguration;
			buildSettings = {
				ALWAYS_EMBED_SWIFT_STANDARD_LIBRARIES = YES;
				BUNDLE_LOADER = "$(TEST_HOST)";
				CODE_SIGN_STYLE = Automatic;
				CURRENT_PROJECT_VERSION = 1;
				GENERATE_INFOPLIST_FILE = YES;
				IPHONEOS_DEPLOYMENT_TARGET = 16.1;
				MARKETING_VERSION = 1.0;
				PRODUCT_BUNDLE_IDENTIFIER = com.vitaliussch.CatCafeMangerTests;
				PRODUCT_NAME = "$(TARGET_NAME)";
				SWIFT_EMIT_LOC_STRINGS = NO;
				SWIFT_VERSION = 5.0;
				TARGETED_DEVICE_FAMILY = "1,2";
				TEST_HOST = "$(BUILT_PRODUCTS_DIR)/CatCafeManger.app/$(BUNDLE_EXECUTABLE_FOLDER_PATH)/CatCafeManger";
			};
			name = Release;
		};
		043F689529306DDA002DB1AD /* Debug */ = {
			isa = XCBuildConfiguration;
			buildSettings = {
				ALWAYS_EMBED_SWIFT_STANDARD_LIBRARIES = YES;
				CODE_SIGN_STYLE = Automatic;
				CURRENT_PROJECT_VERSION = 1;
				GENERATE_INFOPLIST_FILE = YES;
				MARKETING_VERSION = 1.0;
				PRODUCT_BUNDLE_IDENTIFIER = com.vitaliussch.CatCafeMangerUITests;
				PRODUCT_NAME = "$(TARGET_NAME)";
				SWIFT_EMIT_LOC_STRINGS = NO;
				SWIFT_VERSION = 5.0;
				TARGETED_DEVICE_FAMILY = "1,2";
				TEST_TARGET_NAME = CatCafeManger;
			};
			name = Debug;
		};
		043F689629306DDA002DB1AD /* Release */ = {
			isa = XCBuildConfiguration;
			buildSettings = {
				ALWAYS_EMBED_SWIFT_STANDARD_LIBRARIES = YES;
				CODE_SIGN_STYLE = Automatic;
				CURRENT_PROJECT_VERSION = 1;
				GENERATE_INFOPLIST_FILE = YES;
				MARKETING_VERSION = 1.0;
				PRODUCT_BUNDLE_IDENTIFIER = com.vitaliussch.CatCafeMangerUITests;
				PRODUCT_NAME = "$(TARGET_NAME)";
				SWIFT_EMIT_LOC_STRINGS = NO;
				SWIFT_VERSION = 5.0;
				TARGETED_DEVICE_FAMILY = "1,2";
				TEST_TARGET_NAME = CatCafeManger;
			};
			name = Release;
		};
/* End XCBuildConfiguration section */

/* Begin XCConfigurationList section */
		043F686529306DD8002DB1AD /* Build configuration list for PBXProject "CatCafeManger" */ = {
			isa = XCConfigurationList;
			buildConfigurations = (
				043F688C29306DDA002DB1AD /* Debug */,
				043F688D29306DDA002DB1AD /* Release */,
			);
			defaultConfigurationIsVisible = 0;
			defaultConfigurationName = Release;
		};
		043F688E29306DDA002DB1AD /* Build configuration list for PBXNativeTarget "CatCafeManger" */ = {
			isa = XCConfigurationList;
			buildConfigurations = (
				043F688F29306DDA002DB1AD /* Debug */,
				043F689029306DDA002DB1AD /* Release */,
			);
			defaultConfigurationIsVisible = 0;
			defaultConfigurationName = Release;
		};
		043F689129306DDA002DB1AD /* Build configuration list for PBXNativeTarget "CatCafeMangerTests" */ = {
			isa = XCConfigurationList;
			buildConfigurations = (
				043F689229306DDA002DB1AD /* Debug */,
				043F689329306DDA002DB1AD /* Release */,
			);
			defaultConfigurationIsVisible = 0;
			defaultConfigurationName = Release;
		};
		043F689429306DDA002DB1AD /* Build configuration list for PBXNativeTarget "CatCafeMangerUITests" */ = {
			isa = XCConfigurationList;
			buildConfigurations = (
				043F689529306DDA002DB1AD /* Debug */,
				043F689629306DDA002DB1AD /* Release */,
			);
			defaultConfigurationIsVisible = 0;
			defaultConfigurationName = Release;
		};
/* End XCConfigurationList section */

/* Begin XCRemoteSwiftPackageReference section */
		043F68A5293072F9002DB1AD /* XCRemoteSwiftPackageReference "GRDB.swift" */ = {
			isa = XCRemoteSwiftPackageReference;
			repositoryURL = "https://github.com/groue/GRDB.swift.git";
			requirement = {
				branch = master;
				kind = branch;
			};
		};
		043F68A8293075E0002DB1AD /* XCRemoteSwiftPackageReference "Swinject" */ = {
			isa = XCRemoteSwiftPackageReference;
			repositoryURL = "https://github.com/Swinject/Swinject";
			requirement = {
				branch = 2.8.1;
				kind = branch;
			};
		};
/* End XCRemoteSwiftPackageReference section */

/* Begin XCSwiftPackageProductDependency section */
		043F68A6293072F9002DB1AD /* GRDB */ = {
			isa = XCSwiftPackageProductDependency;
			package = 043F68A5293072F9002DB1AD /* XCRemoteSwiftPackageReference "GRDB.swift" */;
			productName = GRDB;
		};
		043F68A9293075E0002DB1AD /* Swinject */ = {
			isa = XCSwiftPackageProductDependency;
			package = 043F68A8293075E0002DB1AD /* XCRemoteSwiftPackageReference "Swinject" */;
			productName = Swinject;
		};
/* End XCSwiftPackageProductDependency section */
	};
	rootObject = 043F686229306DD8002DB1AD /* Project object */;
}
